
Microsoft Visual Studio Solution File, Format Version 12.00
# Visual Studio 2013
VisualStudioVersion = 12.0.31101.0
MinimumVisualStudioVersion = 10.0.40219.1
Project("{FAE04EC0-301F-11D3-BF4B-00C04F79EFBC}") = "OOP_3", "OOP_3\OOP_3.csproj", "{FDF4DB6D-A7D8-445E-BC22-A06099E013ED}"
EndProject
Global
	GlobalSection(SolutionConfigurationPlatforms) = preSolution
		Debug|Any CPU = Debug|Any CPU
		Release|Any CPU = Release|Any CPU
	EndGlobalSection
	GlobalSection(ProjectConfigurationPlatforms) = postSolution
		{FDF4DB6D-A7D8-445E-BC22-A06099E013ED}.Debug|Any CPU.ActiveCfg = Debug|Any CPU
		{FDF4DB6D-A7D8-445E-BC22-A06099E013ED}.Debug|Any CPU.Build.0 = Debug|Any CPU
		{FDF4DB6D-A7D8-445E-BC22-A06099E013ED}.Release|Any CPU.ActiveCfg = Release|Any CPU
		{FDF4DB6D-A7D8-445E-BC22-A06099E013ED}.Release|Any CPU.Build.0 = Release|Any CPU
	EndGlobalSection
	GlobalSection(SolutionProperties) = preSolution
		HideSolutionNode = FALSE
	EndGlobalSection
EndGlobal
